// !$*UTF8*$!
{
	archiveVersion = 1;
	classes = {
	};
	objectVersion = 56;
	objects = {

/* Begin PBXBuildFile section */
		AA000001 /* PrompterApp.swift in Sources */ = {isa = PBXBuildFile; fileRef = AB000001 /* PrompterApp.swift */; };
		AA000002 /* Prompt.swift in Sources */ = {isa = PBXBuildFile; fileRef = AB000002 /* Prompt.swift */; };
		AA000003 /* PromptListView.swift in Sources */ = {isa = PBXBuildFile; fileRef = AB000003 /* PromptListView.swift */; };
		AA000004 /* PromptRowView.swift in Sources */ = {isa = PBXBuildFile; fileRef = AB000004 /* PromptRowView.swift */; };
		AA000005 /* PromptEditorView.swift in Sources */ = {isa = PBXBuildFile; fileRef = AB000005 /* PromptEditorView.swift */; };
		AA000006 /* TeleprompterView.swift in Sources */ = {isa = PBXBuildFile; fileRef = AB000006 /* TeleprompterView.swift */; };
		AA000007 /* SettingsView.swift in Sources */ = {isa = PBXBuildFile; fileRef = AB000007 /* SettingsView.swift */; };
		AA000008 /* TeleprompterViewModel.swift in Sources */ = {isa = PBXBuildFile; fileRef = AB000008 /* TeleprompterViewModel.swift */; };
		AA000009 /* AudioCaptureManager.swift in Sources */ = {isa = PBXBuildFile; fileRef = AB000009 /* AudioCaptureManager.swift */; };
		AA000010 /* TextMatchingEngine.swift in Sources */ = {isa = PBXBuildFile; fileRef = AB000010 /* TextMatchingEngine.swift */; };
		AA000011 /* WordTokenizer.swift in Sources */ = {isa = PBXBuildFile; fileRef = AB000011 /* WordTokenizer.swift */; };
		AA000012 /* FuzzyMatcher.swift in Sources */ = {isa = PBXBuildFile; fileRef = AB000012 /* FuzzyMatcher.swift */; };
		AA000013 /* Permissions.swift in Sources */ = {isa = PBXBuildFile; fileRef = AB000013 /* Permissions.swift */; };

		AA000015 /* String+Normalized.swift in Sources */ = {isa = PBXBuildFile; fileRef = AB000015 /* String+Normalized.swift */; };
		AA000016 /* Assets.xcassets in Resources */ = {isa = PBXBuildFile; fileRef = AB000016 /* Assets.xcassets */; };
		AA000017 /* FlowLayout.swift in Sources */ = {isa = PBXBuildFile; fileRef = AB000021 /* FlowLayout.swift */; };
		AA000020 /* PrompterTests.swift in Sources */ = {isa = PBXBuildFile; fileRef = AB000020 /* PrompterTests.swift */; };
		AA000023 /* BulletDetector.swift in Sources */ = {isa = PBXBuildFile; fileRef = AB000023 /* BulletDetector.swift */; };
		AA000024 /* BulletMatchingEngine.swift in Sources */ = {isa = PBXBuildFile; fileRef = AB000024 /* BulletMatchingEngine.swift */; };
		AA000025 /* KeyPointExtractor.swift in Sources */ = {isa = PBXBuildFile; fileRef = AB000025 /* KeyPointExtractor.swift */; };
		AA000026 /* Int+TimeFormat.swift in Sources */ = {isa = PBXBuildFile; fileRef = AB000026 /* Int+TimeFormat.swift */; };
		AA000027 /* SplashView.swift in Sources */ = {isa = PBXBuildFile; fileRef = AB000027 /* SplashView.swift */; };
		AA000028 /* TitleGenerator.swift in Sources */ = {isa = PBXBuildFile; fileRef = AB000028 /* TitleGenerator.swift */; };
/* End PBXBuildFile section */

/* Begin PBXContainerItemProxy section */
		AC000001 /* PBXContainerItemProxy */ = {
			isa = PBXContainerItemProxy;
			containerPortal = AE000001 /* Project object */;
			proxyType = 1;
			remoteGlobalIDString = AD000001;
			remoteInfo = Prompter;
		};
/* End PBXContainerItemProxy section */

/* Begin PBXFileReference section */
		AB000001 /* PrompterApp.swift */ = {isa = PBXFileReference; lastKnownFileType = sourcecode.swift; path = PrompterApp.swift; sourceTree = "<group>"; };
		AB000002 /* Prompt.swift */ = {isa = PBXFileReference; lastKnownFileType = sourcecode.swift; path = Prompt.swift; sourceTree = "<group>"; };
		AB000003 /* PromptListView.swift */ = {isa = PBXFileReference; lastKnownFileType = sourcecode.swift; path = PromptListView.swift; sourceTree = "<group>"; };
		AB000004 /* PromptRowView.swift */ = {isa = PBXFileReference; lastKnownFileType = sourcecode.swift; path = PromptRowView.swift; sourceTree = "<group>"; };
		AB000005 /* PromptEditorView.swift */ = {isa = PBXFileReference; lastKnownFileType = sourcecode.swift; path = PromptEditorView.swift; sourceTree = "<group>"; };
		AB000006 /* TeleprompterView.swift */ = {isa = PBXFileReference; lastKnownFileType = sourcecode.swift; path = TeleprompterView.swift; sourceTree = "<group>"; };
		AB000007 /* SettingsView.swift */ = {isa = PBXFileReference; lastKnownFileType = sourcecode.swift; path = SettingsView.swift; sourceTree = "<group>"; };
		AB000008 /* TeleprompterViewModel.swift */ = {isa = PBXFileReference; lastKnownFileType = sourcecode.swift; path = TeleprompterViewModel.swift; sourceTree = "<group>"; };
		AB000009 /* AudioCaptureManager.swift */ = {isa = PBXFileReference; lastKnownFileType = sourcecode.swift; path = AudioCaptureManager.swift; sourceTree = "<group>"; };
		AB000010 /* TextMatchingEngine.swift */ = {isa = PBXFileReference; lastKnownFileType = sourcecode.swift; path = TextMatchingEngine.swift; sourceTree = "<group>"; };
		AB000011 /* WordTokenizer.swift */ = {isa = PBXFileReference; lastKnownFileType = sourcecode.swift; path = WordTokenizer.swift; sourceTree = "<group>"; };
		AB000012 /* FuzzyMatcher.swift */ = {isa = PBXFileReference; lastKnownFileType = sourcecode.swift; path = FuzzyMatcher.swift; sourceTree = "<group>"; };
		AB000013 /* Permissions.swift */ = {isa = PBXFileReference; lastKnownFileType = sourcecode.swift; path = Permissions.swift; sourceTree = "<group>"; };

		AB000015 /* String+Normalized.swift */ = {isa = PBXFileReference; lastKnownFileType = sourcecode.swift; path = "String+Normalized.swift"; sourceTree = "<group>"; };
		AB000016 /* Assets.xcassets */ = {isa = PBXFileReference; lastKnownFileType = folder.assetcatalog; path = Assets.xcassets; sourceTree = "<group>"; };
		AB000017 /* Info.plist */ = {isa = PBXFileReference; lastKnownFileType = text.plist.xml; path = Info.plist; sourceTree = "<group>"; };
		AB000018 /* Prompter.app */ = {isa = PBXFileReference; explicitFileType = wrapper.application; includeInIndex = 0; path = Prompter.app; sourceTree = BUILT_PRODUCTS_DIR; };
		AB000019 /* PrompterTests.xctest */ = {isa = PBXFileReference; explicitFileType = wrapper.cfbundle; includeInIndex = 0; path = PrompterTests.xctest; sourceTree = BUILT_PRODUCTS_DIR; };
		AB000020 /* PrompterTests.swift */ = {isa = PBXFileReference; lastKnownFileType = sourcecode.swift; path = PrompterTests.swift; sourceTree = "<group>"; };
		AB000021 /* FlowLayout.swift */ = {isa = PBXFileReference; lastKnownFileType = sourcecode.swift; path = FlowLayout.swift; sourceTree = "<group>"; };
		AB000022 /* Prompter.entitlements */ = {isa = PBXFileReference; lastKnownFileType = text.plist.entitlements; path = Prompter.entitlements; sourceTree = "<group>"; };
		AB000023 /* BulletDetector.swift */ = {isa = PBXFileReference; lastKnownFileType = sourcecode.swift; path = BulletDetector.swift; sourceTree = "<group>"; };
		AB000024 /* BulletMatchingEngine.swift */ = {isa = PBXFileReference; lastKnownFileType = sourcecode.swift; path = BulletMatchingEngine.swift; sourceTree = "<group>"; };
		AB000025 /* KeyPointExtractor.swift */ = {isa = PBXFileReference; lastKnownFileType = sourcecode.swift; path = KeyPointExtractor.swift; sourceTree = "<group>"; };
		AB000026 /* Int+TimeFormat.swift */ = {isa = PBXFileReference; lastKnownFileType = sourcecode.swift; path = "Int+TimeFormat.swift"; sourceTree = "<group>"; };
		AB000027 /* SplashView.swift */ = {isa = PBXFileReference; lastKnownFileType = sourcecode.swift; path = SplashView.swift; sourceTree = "<group>"; };
		AB000028 /* TitleGenerator.swift */ = {isa = PBXFileReference; lastKnownFileType = sourcecode.swift; path = TitleGenerator.swift; sourceTree = "<group>"; };
/* End PBXFileReference section */

/* Begin PBXFrameworksBuildPhase section */
		AF000001 /* Frameworks */ = {
			isa = PBXFrameworksBuildPhase;
			buildActionMask = 2147483647;
			files = (
			);
			runOnlyForDeploymentPostprocessing = 0;
		};
		AF000002 /* Frameworks */ = {
			isa = PBXFrameworksBuildPhase;
			buildActionMask = 2147483647;
			files = (
			);
			runOnlyForDeploymentPostprocessing = 0;
		};
/* End PBXFrameworksBuildPhase section */

/* Begin PBXGroup section */
		AG000001 = {
			isa = PBXGroup;
			children = (
				AG000002 /* Prompter */,
				AG000009 /* PrompterTests */,
				AG000010 /* Products */,
			);
			sourceTree = "<group>";
		};
		AG000002 /* Prompter */ = {
			isa = PBXGroup;
			children = (
				AB000001 /* PrompterApp.swift */,
				AB000017 /* Info.plist */,
				AB000022 /* Prompter.entitlements */,
				AB000016 /* Assets.xcassets */,
				AG000003 /* Models */,
				AG000004 /* Views */,
				AG000005 /* ViewModels */,
				AG000006 /* Engine */,
				AG000007 /* Utilities */,
				AG000008 /* Extensions */,
			);
			path = Prompter;
			sourceTree = "<group>";
		};
		AG000003 /* Models */ = {
			isa = PBXGroup;
			children = (
				AB000002 /* Prompt.swift */,
			);
			path = Models;
			sourceTree = "<group>";
		};
		AG000004 /* Views */ = {
			isa = PBXGroup;
			children = (
				AB000003 /* PromptListView.swift */,
				AB000004 /* PromptRowView.swift */,
				AB000005 /* PromptEditorView.swift */,
				AB000006 /* TeleprompterView.swift */,
				AB000007 /* SettingsView.swift */,
				AB000021 /* FlowLayout.swift */,
				AB000027 /* SplashView.swift */,
			);
			path = Views;
			sourceTree = "<group>";
		};
		AG000005 /* ViewModels */ = {
			isa = PBXGroup;
			children = (
				AB000008 /* TeleprompterViewModel.swift */,
			);
			path = ViewModels;
			sourceTree = "<group>";
		};
		AG000006 /* Engine */ = {
			isa = PBXGroup;
			children = (
				AB000009 /* AudioCaptureManager.swift */,
				AB000010 /* TextMatchingEngine.swift */,
				AB000011 /* WordTokenizer.swift */,
				AB000012 /* FuzzyMatcher.swift */,
				AB000023 /* BulletDetector.swift */,
				AB000024 /* BulletMatchingEngine.swift */,
				AB000025 /* KeyPointExtractor.swift */,
				AB000028 /* TitleGenerator.swift */,
			);
			path = Engine;
			sourceTree = "<group>";
		};
		AG000007 /* Utilities */ = {
			isa = PBXGroup;
			children = (
				AB000013 /* Permissions.swift */,
			);
			path = Utilities;
			sourceTree = "<group>";
		};
		AG000008 /* Extensions */ = {
			isa = PBXGroup;
			children = (
				AB000015 /* String+Normalized.swift */,
				AB000026 /* Int+TimeFormat.swift */,
			);
			path = Extensions;
			sourceTree = "<group>";
		};
		AG000009 /* PrompterTests */ = {
			isa = PBXGroup;
			children = (
				AB000020 /* PrompterTests.swift */,
			);
			path = PrompterTests;
			sourceTree = "<group>";
		};
		AG000010 /* Products */ = {
			isa = PBXGroup;
			children = (
				AB000018 /* Prompter.app */,
				AB000019 /* PrompterTests.xctest */,
			);
			name = Products;
			sourceTree = "<group>";
		};
/* End PBXGroup section */

/* Begin PBXNativeTarget section */
		AD000001 /* Prompter */ = {
			isa = PBXNativeTarget;
			buildConfigurationList = AH000003 /* Build configuration list for PBXNativeTarget "Prompter" */;
			buildPhases = (
				AI000001 /* Sources */,
				AF000001 /* Frameworks */,
				AJ000001 /* Resources */,
			);
			buildRules = (
			);
			dependencies = (
			);
			name = Prompter;
			productName = Prompter;
			productReference = AB000018 /* Prompter.app */;
			productType = "com.apple.product-type.application";
		};
		AD000002 /* PrompterTests */ = {
			isa = PBXNativeTarget;
			buildConfigurationList = AH000006 /* Build configuration list for PBXNativeTarget "PrompterTests" */;
			buildPhases = (
				AI000002 /* Sources */,
				AF000002 /* Frameworks */,
			);
			buildRules = (
			);
			dependencies = (
				AK000001 /* PBXTargetDependency */,
			);
			name = PrompterTests;
			productName = PrompterTests;
			productReference = AB000019 /* PrompterTests.xctest */;
			productType = "com.apple.product-type.bundle.unit-test";
		};
/* End PBXNativeTarget section */

/* Begin PBXProject section */
		AE000001 /* Project object */ = {
			isa = PBXProject;
			attributes = {
				BuildIndependentTargetsInParallel = 1;
				LastSwiftUpdateCheck = 1500;
				LastUpgradeCheck = 1500;
				TargetAttributes = {
					AD000001 = {
						CreatedOnToolsVersion = 15.0;
					};
					AD000002 = {
						CreatedOnToolsVersion = 15.0;
						TestTargetID = AD000001;
					};
				};
			};
			buildConfigurationList = AH000001 /* Build configuration list for PBXProject "Prompter" */;
			compatibilityVersion = "Xcode 14.0";
			developmentRegion = en;
			hasScannedForEncodings = 0;
			knownRegions = (
				en,
				Base,
			);
			mainGroup = AG000001;
			productRefGroup = AG000010 /* Products */;
			projectDirPath = "";
			projectRoot = "";
			targets = (
				AD000001 /* Prompter */,
				AD000002 /* PrompterTests */,
			);
		};
/* End PBXProject section */

/* Begin PBXResourcesBuildPhase section */
		AJ000001 /* Resources */ = {
			isa = PBXResourcesBuildPhase;
			buildActionMask = 2147483647;
			files = (
				AA000016 /* Assets.xcassets in Resources */,
			);
			runOnlyForDeploymentPostprocessing = 0;
		};
/* End PBXResourcesBuildPhase section */

/* Begin PBXSourcesBuildPhase section */
		AI000001 /* Sources */ = {
			isa = PBXSourcesBuildPhase;
			buildActionMask = 2147483647;
			files = (
				AA000001 /* PrompterApp.swift in Sources */,
				AA000002 /* Prompt.swift in Sources */,
				AA000003 /* PromptListView.swift in Sources */,
				AA000004 /* PromptRowView.swift in Sources */,
				AA000005 /* PromptEditorView.swift in Sources */,
				AA000006 /* TeleprompterView.swift in Sources */,
				AA000007 /* SettingsView.swift in Sources */,
				AA000008 /* TeleprompterViewModel.swift in Sources */,
				AA000009 /* AudioCaptureManager.swift in Sources */,
				AA000010 /* TextMatchingEngine.swift in Sources */,
				AA000011 /* WordTokenizer.swift in Sources */,
				AA000012 /* FuzzyMatcher.swift in Sources */,
				AA000013 /* Permissions.swift in Sources */,

				AA000015 /* String+Normalized.swift in Sources */,
				AA000017 /* FlowLayout.swift in Sources */,
				AA000023 /* BulletDetector.swift in Sources */,
				AA000024 /* BulletMatchingEngine.swift in Sources */,
				AA000025 /* KeyPointExtractor.swift in Sources */,
				AA000026 /* Int+TimeFormat.swift in Sources */,
				AA000027 /* SplashView.swift in Sources */,
				AA000028 /* TitleGenerator.swift in Sources */,
			);
			runOnlyForDeploymentPostprocessing = 0;
		};
		AI000002 /* Sources */ = {
			isa = PBXSourcesBuildPhase;
			buildActionMask = 2147483647;
			files = (
				AA000020 /* PrompterTests.swift in Sources */,
			);
			runOnlyForDeploymentPostprocessing = 0;
		};
/* End PBXSourcesBuildPhase section */

/* Begin PBXTargetDependency section */
		AK000001 /* PBXTargetDependency */ = {
			isa = PBXTargetDependency;
			target = AD000001 /* Prompter */;
			targetProxy = AC000001 /* PBXContainerItemProxy */;
		};
/* End PBXTargetDependency section */

/* Begin XCBuildConfiguration section */
		AH000002 /* Debug */ = {
			isa = XCBuildConfiguration;
			buildSettings = {
				ALWAYS_SEARCH_USER_PATHS = NO;
				ASSETCATALOG_COMPILER_GENERATE_SWIFT_ASSET_SYMBOL_EXTENSIONS = YES;
				CLANG_ANALYZER_NONNULL = YES;
				CLANG_ANALYZER_NUMBER_OBJECT_CONVERSION = YES_AGGRESSIVE;
				CLANG_CXX_LANGUAGE_STANDARD = "gnu++20";
				CLANG_ENABLE_MODULES = YES;
				CLANG_ENABLE_OBJC_ARC = YES;
				CLANG_ENABLE_OBJC_WEAK = YES;
				CLANG_WARN_BLOCK_CAPTURE_AUTORELEASING = YES;
				CLANG_WARN_BOOL_CONVERSION = YES;
				CLANG_WARN_COMMA = YES;
				CLANG_WARN_CONSTANT_CONVERSION = YES;
				CLANG_WARN_DEPRECATED_OBJC_IMPLEMENTATIONS = YES;
				CLANG_WARN_DIRECT_OBJC_ISA_USAGE = YES_ERROR;
				CLANG_WARN_DOCUMENTATION_COMMENTS = YES;
				CLANG_WARN_EMPTY_BODY = YES;
				CLANG_WARN_ENUM_CONVERSION = YES;
				CLANG_WARN_INFINITE_RECURSION = YES;
				CLANG_WARN_INT_CONVERSION = YES;
				CLANG_WARN_NON_LITERAL_NULL_CONVERSION = YES;
				CLANG_WARN_OBJC_IMPLICIT_RETAIN_SELF = YES;
				CLANG_WARN_OBJC_LITERAL_CONVERSION = YES;
				CLANG_WARN_OBJC_ROOT_CLASS = YES_ERROR;
				CLANG_WARN_QUOTED_INCLUDE_IN_FRAMEWORK_HEADER = YES;
				CLANG_WARN_RANGE_LOOP_ANALYSIS = YES;
				CLANG_WARN_STRICT_PROTOTYPES = YES;
				CLANG_WARN_SUSPICIOUS_MOVE = YES;
				CLANG_WARN_UNGUARDED_AVAILABILITY = YES_AGGRESSIVE;
				CLANG_WARN_UNREACHABLE_CODE = YES;
				CLANG_WARN__DUPLICATE_METHOD_MATCH = YES;
				COPY_PHASE_STRIP = NO;
				DEBUG_INFORMATION_FORMAT = dwarf;
				ENABLE_STRICT_OBJC_MSGSEND = YES;
				ENABLE_TESTABILITY = YES;
				ENABLE_USER_SCRIPT_SANDBOXING = YES;
				GCC_C_LANGUAGE_STANDARD = gnu17;
				GCC_DYNAMIC_NO_PIC = NO;
				GCC_NO_COMMON_BLOCKS = YES;
				GCC_OPTIMIZATION_LEVEL = 0;
				GCC_PREPROCESSOR_DEFINITIONS = (
					"DEBUG=1",
					"$(inherited)",
				);
				GCC_WARN_64_TO_32_BIT_CONVERSION = YES;
				GCC_WARN_ABOUT_RETURN_TYPE = YES_ERROR;
				GCC_WARN_UNDECLARED_SELECTOR = YES;
				GCC_WARN_UNINITIALIZED_AUTOS = YES_AGGRESSIVE;
				GCC_WARN_UNUSED_FUNCTION = YES;
				GCC_WARN_UNUSED_VARIABLE = YES;
				IPHONEOS_DEPLOYMENT_TARGET = 17.0;
				MTL_ENABLE_DEBUG_INFO = INCLUDE_SOURCE;
				MTL_FAST_MATH = YES;
				ONLY_ACTIVE_ARCH = YES;
				SDKROOT = iphoneos;
				SWIFT_ACTIVE_COMPILATION_CONDITIONS = "DEBUG $(inherited)";
				SWIFT_OPTIMIZATION_LEVEL = "-Onone";
			};
			name = Debug;
		};
		AH000004 /* Release */ = {
			isa = XCBuildConfiguration;
			buildSettings = {
				ALWAYS_SEARCH_USER_PATHS = NO;
				ASSETCATALOG_COMPILER_GENERATE_SWIFT_ASSET_SYMBOL_EXTENSIONS = YES;
				CLANG_ANALYZER_NONNULL = YES;
				CLANG_ANALYZER_NUMBER_OBJECT_CONVERSION = YES_AGGRESSIVE;
				CLANG_CXX_LANGUAGE_STANDARD = "gnu++20";
				CLANG_ENABLE_MODULES = YES;
				CLANG_ENABLE_OBJC_ARC = YES;
				CLANG_ENABLE_OBJC_WEAK = YES;
				CLANG_WARN_BLOCK_CAPTURE_AUTORELEASING = YES;
				CLANG_WARN_BOOL_CONVERSION = YES;
				CLANG_WARN_COMMA = YES;
				CLANG_WARN_CONSTANT_CONVERSION = YES;
				CLANG_WARN_DEPRECATED_OBJC_IMPLEMENTATIONS = YES;
				CLANG_WARN_DIRECT_OBJC_ISA_USAGE = YES_ERROR;
				CLANG_WARN_DOCUMENTATION_COMMENTS = YES;
				CLANG_WARN_EMPTY_BODY = YES;
				CLANG_WARN_ENUM_CONVERSION = YES;
				CLANG_WARN_INFINITE_RECURSION = YES;
				CLANG_WARN_INT_CONVERSION = YES;
				CLANG_WARN_NON_LITERAL_NULL_CONVERSION = YES;
				CLANG_WARN_OBJC_IMPLICIT_RETAIN_SELF = YES;
				CLANG_WARN_OBJC_LITERAL_CONVERSION = YES;
				CLANG_WARN_OBJC_ROOT_CLASS = YES_ERROR;
				CLANG_WARN_QUOTED_INCLUDE_IN_FRAMEWORK_HEADER = YES;
				CLANG_WARN_RANGE_LOOP_ANALYSIS = YES;
				CLANG_WARN_STRICT_PROTOTYPES = YES;
				CLANG_WARN_SUSPICIOUS_MOVE = YES;
				CLANG_WARN_UNGUARDED_AVAILABILITY = YES_AGGRESSIVE;
				CLANG_WARN_UNREACHABLE_CODE = YES;
				CLANG_WARN__DUPLICATE_METHOD_MATCH = YES;
				COPY_PHASE_STRIP = NO;
				DEBUG_INFORMATION_FORMAT = "dwarf-with-dsym";
				ENABLE_NS_ASSERTIONS = NO;
				ENABLE_STRICT_OBJC_MSGSEND = YES;
				ENABLE_USER_SCRIPT_SANDBOXING = YES;
				GCC_C_LANGUAGE_STANDARD = gnu17;
				GCC_NO_COMMON_BLOCKS = YES;
				GCC_WARN_64_TO_32_BIT_CONVERSION = YES;
				GCC_WARN_ABOUT_RETURN_TYPE = YES_ERROR;
				GCC_WARN_UNDECLARED_SELECTOR = YES;
				GCC_WARN_UNINITIALIZED_AUTOS = YES_AGGRESSIVE;
				GCC_WARN_UNUSED_FUNCTION = YES;
				GCC_WARN_UNUSED_VARIABLE = YES;
				IPHONEOS_DEPLOYMENT_TARGET = 17.0;
				MTL_FAST_MATH = YES;
				SDKROOT = iphoneos;
				SWIFT_COMPILATION_MODE = wholemodule;
				VALIDATE_PRODUCT = YES;
			};
			name = Release;
		};
		AH000005 /* Debug */ = {
			isa = XCBuildConfiguration;
			buildSettings = {
				ASSETCATALOG_COMPILER_APPICON_NAME = AppIcon;
				ASSETCATALOG_COMPILER_GLOBAL_ACCENT_COLOR_NAME = AccentColor;
				CODE_SIGN_ENTITLEMENTS = Prompter/Prompter.entitlements;
				CODE_SIGN_STYLE = Automatic;
				CURRENT_PROJECT_VERSION = 1;
				DEVELOPMENT_TEAM = Y6SUP9Q5H2;
				GENERATE_INFOPLIST_FILE = YES;
				INFOPLIST_FILE = Prompter/Info.plist;
				INFOPLIST_KEY_CFBundleDisplayName = "My Prompter";
				INFOPLIST_KEY_ITSAppUsesNonExemptEncryption = NO;
				INFOPLIST_KEY_LSApplicationCategoryType = "public.app-category.productivity";
				INFOPLIST_KEY_NSMicrophoneUsageDescription = "Prompter uses the microphone to follow your speech and scroll the text automatically.";
				INFOPLIST_KEY_NSSpeechRecognitionUsageDescription = "Prompter uses speech recognition to match your voice against the prompt text so it can follow along as you speak.";
				INFOPLIST_KEY_UIApplicationSceneManifest_Generation = YES;
				INFOPLIST_KEY_UIApplicationSupportsIndirectInputEvents = YES;
				INFOPLIST_KEY_UILaunchScreen_Generation = YES;
				INFOPLIST_KEY_UISupportedInterfaceOrientations = "UIInterfaceOrientationLandscapeLeft UIInterfaceOrientationLandscapeRight UIInterfaceOrientationPortrait";
				INFOPLIST_KEY_UISupportedInterfaceOrientations_iPad = "UIInterfaceOrientationLandscapeLeft UIInterfaceOrientationLandscapeRight UIInterfaceOrientationPortrait UIInterfaceOrientationPortraitUpsideDown";
				LD_RUNPATH_SEARCH_PATHS = (
					"$(inherited)",
					"@executable_path/Frameworks",
				);
				MARKETING_VERSION = 1.1;
				PRODUCT_BUNDLE_IDENTIFIER = com.bogdanripa.prompter.app;
				PRODUCT_NAME = "$(TARGET_NAME)";
				SUPPORTED_PLATFORMS = "iphoneos iphonesimulator";
				SUPPORTS_MACCATALYST = NO;
				SWIFT_EMIT_LOC_STRINGS = YES;
				SWIFT_VERSION = 5.0;
				TARGETED_DEVICE_FAMILY = "1,2";
			};
			name = Debug;
		};
		AH000007 /* Release */ = {
			isa = XCBuildConfiguration;
			buildSettings = {
				ASSETCATALOG_COMPILER_APPICON_NAME = AppIcon;
				ASSETCATALOG_COMPILER_GLOBAL_ACCENT_COLOR_NAME = AccentColor;
				CODE_SIGN_ENTITLEMENTS = Prompter/Prompter.entitlements;
				CODE_SIGN_STYLE = Automatic;
				CURRENT_PROJECT_VERSION = 1;
				DEVELOPMENT_TEAM = Y6SUP9Q5H2;
				GENERATE_INFOPLIST_FILE = YES;
				INFOPLIST_FILE = Prompter/Info.plist;
				INFOPLIST_KEY_CFBundleDisplayName = "My Prompter";
				INFOPLIST_KEY_ITSAppUsesNonExemptEncryption = NO;
				INFOPLIST_KEY_LSApplicationCategoryType = "public.app-category.productivity";
				INFOPLIST_KEY_NSMicrophoneUsageDescription = "Prompter uses the microphone to follow your speech and scroll the text automatically.";
				INFOPLIST_KEY_NSSpeechRecognitionUsageDescription = "Prompter uses speech recognition to match your voice against the prompt text so it can follow along as you speak.";
				INFOPLIST_KEY_UIApplicationSceneManifest_Generation = YES;
				INFOPLIST_KEY_UIApplicationSupportsIndirectInputEvents = YES;
				INFOPLIST_KEY_UILaunchScreen_Generation = YES;
				INFOPLIST_KEY_UISupportedInterfaceOrientations = "UIInterfaceOrientationLandscapeLeft UIInterfaceOrientationLandscapeRight UIInterfaceOrientationPortrait";
				INFOPLIST_KEY_UISupportedInterfaceOrientations_iPad = "UIInterfaceOrientationLandscapeLeft UIInterfaceOrientationLandscapeRight UIInterfaceOrientationPortrait UIInterfaceOrientationPortraitUpsideDown";
				LD_RUNPATH_SEARCH_PATHS = (
					"$(inherited)",
					"@executable_path/Frameworks",
				);
				MARKETING_VERSION = 1.1;
				PRODUCT_BUNDLE_IDENTIFIER = com.bogdanripa.prompter.app;
				PRODUCT_NAME = "$(TARGET_NAME)";
				SUPPORTED_PLATFORMS = "iphoneos iphonesimulator";
				SUPPORTS_MACCATALYST = NO;
				SWIFT_EMIT_LOC_STRINGS = YES;
				SWIFT_VERSION = 5.0;
				TARGETED_DEVICE_FAMILY = "1,2";
			};
			name = Release;
		};
		AH000008 /* Debug */ = {
			isa = XCBuildConfiguration;
			buildSettings = {
				BUNDLE_LOADER = "$(TEST_HOST)";
				CODE_SIGN_STYLE = Automatic;
				CURRENT_PROJECT_VERSION = 1;
				GENERATE_INFOPLIST_FILE = YES;
				IPHONEOS_DEPLOYMENT_TARGET = 17.0;
				MARKETING_VERSION = 1.0;
				PRODUCT_BUNDLE_IDENTIFIER = com.prompter.app.tests;
				PRODUCT_NAME = "$(TARGET_NAME)";
				SWIFT_EMIT_LOC_STRINGS = NO;
				SWIFT_VERSION = 5.0;
				TARGETED_DEVICE_FAMILY = "1,2";
				TEST_HOST = "$(BUILT_PRODUCTS_DIR)/Prompter.app/$(BUNDLE_EXECUTABLE_FOLDER_PATH)/Prompter";
			};
			name = Debug;
		};
		AH000009 /* Release */ = {
			isa = XCBuildConfiguration;
			buildSettings = {
				BUNDLE_LOADER = "$(TEST_HOST)";
				CODE_SIGN_STYLE = Automatic;
				CURRENT_PROJECT_VERSION = 1;
				GENERATE_INFOPLIST_FILE = YES;
				IPHONEOS_DEPLOYMENT_TARGET = 17.0;
				MARKETING_VERSION = 1.0;
				PRODUCT_BUNDLE_IDENTIFIER = com.prompter.app.tests;
				PRODUCT_NAME = "$(TARGET_NAME)";
				SWIFT_EMIT_LOC_STRINGS = NO;
				SWIFT_VERSION = 5.0;
				TARGETED_DEVICE_FAMILY = "1,2";
				TEST_HOST = "$(BUILT_PRODUCTS_DIR)/Prompter.app/$(BUNDLE_EXECUTABLE_FOLDER_PATH)/Prompter";
			};
			name = Release;
		};
/* End XCBuildConfiguration section */

/* Begin XCConfigurationList section */
		AH000001 /* Build configuration list for PBXProject "Prompter" */ = {
			isa = XCConfigurationList;
			buildConfigurations = (
				AH000002 /* Debug */,
				AH000004 /* Release */,
			);
			defaultConfigurationIsVisible = 0;
			defaultConfigurationName = Release;
		};
		AH000003 /* Build configuration list for PBXNativeTarget "Prompter" */ = {
			isa = XCConfigurationList;
			buildConfigurations = (
				AH000005 /* Debug */,
				AH000007 /* Release */,
			);
			defaultConfigurationIsVisible = 0;
			defaultConfigurationName = Release;
		};
		AH000006 /* Build configuration list for PBXNativeTarget "PrompterTests" */ = {
			isa = XCConfigurationList;
			buildConfigurations = (
				AH000008 /* Debug */,
				AH000009 /* Release */,
			);
			defaultConfigurationIsVisible = 0;
			defaultConfigurationName = Release;
		};
/* End XCConfigurationList section */
	};
	rootObject = AE000001 /* Project object */;
}
